
Microsoft Visual Studio Solution File, Format Version 12.00
# Visual Studio Version 17
VisualStudioVersion = 17.10.35013.160
MinimumVisualStudioVersion = 10.0.40219.1
Project("{9A19103F-16F7-4668-BE54-9A1E7A4F7556}") = "WebApplication1", "WebApplication1\WebApplication1.csproj", "{DF20EE46-5C17-4C3D-AD01-D2EF5038AC4A}"
EndProject
Global
	GlobalSection(SolutionConfigurationPlatforms) = preSolution
		Debug|Any CPU = Debug|Any CPU
		Release|Any CPU = Release|Any CPU
	EndGlobalSection
	GlobalSection(ProjectConfigurationPlatforms) = postSolution
		{DF20EE46-5C17-4C3D-AD01-D2EF5038AC4A}.Debug|Any CPU.ActiveCfg = Debug|Any CPU
		{DF20EE46-5C17-4C3D-AD01-D2EF5038AC4A}.Debug|Any CPU.Build.0 = Debug|Any CPU
		{DF20EE46-5C17-4C3D-AD01-D2EF5038AC4A}.Release|Any CPU.ActiveCfg = Release|Any CPU
		{DF20EE46-5C17-4C3D-AD01-D2EF5038AC4A}.Release|Any CPU.Build.0 = Release|Any CPU
	EndGlobalSection
	GlobalSection(SolutionProperties) = preSolution
		HideSolutionNode = FALSE
	EndGlobalSection
	GlobalSection(ExtensibilityGlobals) = postSolution
		SolutionGuid = {4B732E90-68E4-4BB0-9805-D32B6E8E58DF}
	EndGlobalSection
EndGlobal
